
Microsoft Visual Studio Solution File, Format Version 12.00
# Visual Studio 15
VisualStudioVersion = 15.0.28307.1062
MinimumVisualStudioVersion = 10.0.40219.1
Project("{FAE04EC0-301F-11D3-BF4B-00C04F79EFBC}") = "gestion-commerciale-TiffanyCoundoul-liage3", "gestion-commerciale-TiffanyCoundoul-liage3\gestion-commerciale-TiffanyCoundoul-liage3.csproj", "{5A53861A-2331-4AB8-BED4-31A02FE2A22B}"
EndProject
Global
	GlobalSection(SolutionConfigurationPlatforms) = preSolution
		Debug|Any CPU = Debug|Any CPU
		Release|Any CPU = Release|Any CPU
	EndGlobalSection
	GlobalSection(ProjectConfigurationPlatforms) = postSolution
		{5A53861A-2331-4AB8-BED4-31A02FE2A22B}.Debug|Any CPU.ActiveCfg = Debug|Any CPU
		{5A53861A-2331-4AB8-BED4-31A02FE2A22B}.Debug|Any CPU.Build.0 = Debug|Any CPU
		{5A53861A-2331-4AB8-BED4-31A02FE2A22B}.Release|Any CPU.ActiveCfg = Release|Any CPU
		{5A53861A-2331-4AB8-BED4-31A02FE2A22B}.Release|Any CPU.Build.0 = Release|Any CPU
	EndGlobalSection
	GlobalSection(SolutionProperties) = preSolution
		HideSolutionNode = FALSE
	EndGlobalSection
	GlobalSection(ExtensibilityGlobals) = postSolution
		SolutionGuid = {FB844059-6FC1-4391-8B9E-9FA6903CE267}
	EndGlobalSection
EndGlobal
